
Microsoft Visual Studio Solution File, Format Version 12.00
# Visual Studio Version 17
VisualStudioVersion = 17.9.34728.123
MinimumVisualStudioVersion = 10.0.40219.1
Project("{9A19103F-16F7-4668-BE54-9A1E7A4F7556}") = "ProductManagementDemo", "ProductManagementDemo.csproj", "{4EAEE7B5-0C94-411C-8C50-D30F47EA2694}"
EndProject
Project("{FAE04EC0-301F-11D3-BF4B-00C04F79EFBC}") = "BusinessObjects", "..\BusinessObjects\BusinessObjects.csproj", "{4726EF7A-CEEE-41BC-8B05-5FF32E943FEF}"
EndProject
Project("{FAE04EC0-301F-11D3-BF4B-00C04F79EFBC}") = "DataAccessObjects", "..\DataAccessObjects\DataAccessObjects.csproj", "{5DAE86F2-3054-4817-96F2-55E79E8B1741}"
EndProject
Project("{FAE04EC0-301F-11D3-BF4B-00C04F79EFBC}") = "Repositories", "..\Repositories\Repositories.csproj", "{0E8101AD-952D-4BD4-82EC-18F1A6660A04}"
EndProject
Project("{FAE04EC0-301F-11D3-BF4B-00C04F79EFBC}") = "Services", "..\Services\Services.csproj", "{C036C0ED-FB57-4FDB-92A3-8253FB734157}"
EndProject
Global
	GlobalSection(SolutionConfigurationPlatforms) = preSolution
		Debug|Any CPU = Debug|Any CPU
		Release|Any CPU = Release|Any CPU
	EndGlobalSection
	GlobalSection(ProjectConfigurationPlatforms) = postSolution
		{4EAEE7B5-0C94-411C-8C50-D30F47EA2694}.Debug|Any CPU.ActiveCfg = Debug|Any CPU
		{4EAEE7B5-0C94-411C-8C50-D30F47EA2694}.Debug|Any CPU.Build.0 = Debug|Any CPU
		{4EAEE7B5-0C94-411C-8C50-D30F47EA2694}.Release|Any CPU.ActiveCfg = Release|Any CPU
		{4EAEE7B5-0C94-411C-8C50-D30F47EA2694}.Release|Any CPU.Build.0 = Release|Any CPU
		{4726EF7A-CEEE-41BC-8B05-5FF32E943FEF}.Debug|Any CPU.ActiveCfg = Debug|Any CPU
		{4726EF7A-CEEE-41BC-8B05-5FF32E943FEF}.Debug|Any CPU.Build.0 = Debug|Any CPU
		{4726EF7A-CEEE-41BC-8B05-5FF32E943FEF}.Release|Any CPU.ActiveCfg = Release|Any CPU
		{4726EF7A-CEEE-41BC-8B05-5FF32E943FEF}.Release|Any CPU.Build.0 = Release|Any CPU
		{5DAE86F2-3054-4817-96F2-55E79E8B1741}.Debug|Any CPU.ActiveCfg = Debug|Any CPU
		{5DAE86F2-3054-4817-96F2-55E79E8B1741}.Debug|Any CPU.Build.0 = Debug|Any CPU
		{5DAE86F2-3054-4817-96F2-55E79E8B1741}.Release|Any CPU.ActiveCfg = Release|Any CPU
		{5DAE86F2-3054-4817-96F2-55E79E8B1741}.Release|Any CPU.Build.0 = Release|Any CPU
		{0E8101AD-952D-4BD4-82EC-18F1A6660A04}.Debug|Any CPU.ActiveCfg = Debug|Any CPU
		{0E8101AD-952D-4BD4-82EC-18F1A6660A04}.Debug|Any CPU.Build.0 = Debug|Any CPU
		{0E8101AD-952D-4BD4-82EC-18F1A6660A04}.Release|Any CPU.ActiveCfg = Release|Any CPU
		{0E8101AD-952D-4BD4-82EC-18F1A6660A04}.Release|Any CPU.Build.0 = Release|Any CPU
		{C036C0ED-FB57-4FDB-92A3-8253FB734157}.Debug|Any CPU.ActiveCfg = Debug|Any CPU
		{C036C0ED-FB57-4FDB-92A3-8253FB734157}.Debug|Any CPU.Build.0 = Debug|Any CPU
		{C036C0ED-FB57-4FDB-92A3-8253FB734157}.Release|Any CPU.ActiveCfg = Release|Any CPU
		{C036C0ED-FB57-4FDB-92A3-8253FB734157}.Release|Any CPU.Build.0 = Release|Any CPU
	EndGlobalSection
	GlobalSection(SolutionProperties) = preSolution
		HideSolutionNode = FALSE
	EndGlobalSection
	GlobalSection(ExtensibilityGlobals) = postSolution
		SolutionGuid = {CBDD7894-274B-4BCC-8CE9-A658A4244E5C}
	EndGlobalSection
EndGlobal
